{
  "nodes": {
    "home-manager": {
      "inputs": {
        "nixpkgs": [
          "nixpkgs"
        ]
      },
      "locked": {
        "lastModified": 1764361670,
        "narHash": "sha256-jgWzgpIaHbL3USIq0gihZeuy1lLf2YSfwvWEwnfAJUw=",
        "owner": "nix-community",
        "repo": "home-manager",
        "rev": "780be8ef503a28939cf9dc7996b48ffb1a3e04c6",
        "type": "github"
      },
      "original": {
        "owner": "nix-community",
        "repo": "home-manager",
        "type": "github"
      }
    },
    "nixpkgs": {
      "locked": {
        "lastModified": 1764384123,
        "narHash": "sha256-UoliURDJFaOolycBZYrjzd9Cc66zULEyHqGFH3QHEq0=",
        "owner": "nixos",
        "repo": "nixpkgs",
        "rev": "59b6c96beacc898566c9be1052ae806f3835f87d",
        "type": "github"
      },
      "original": {
        "owner": "nixos",
        "ref": "nixpkgs-unstable",
        "repo": "nixpkgs",
        "type": "github"
      }
    },
    "root": {
      "inputs": {
        "home-manager": "home-manager",
        "nixpkgs": "nixpkgs"
      }
    }
  },
  "root": "root",
  "version": 7
}
